
Microsoft Visual Studio Solution File, Format Version 12.00
# Visual Studio 14
VisualStudioVersion = 14.0.25420.1
MinimumVisualStudioVersion = 10.0.40219.1
Project("{FAE04EC0-301F-11D3-BF4B-00C04F79EFBC}") = "Model", "Model\Model.csproj", "{A542A596-C650-46E7-9077-C2A558765659}"
EndProject
Project("{FAE04EC0-301F-11D3-BF4B-00C04F79EFBC}") = "UnitTests", "UnitTests\UnitTests.csproj", "{92AB0E81-E1A2-471E-9B1A-6773B410E501}"
EndProject
<<<<<<< HEAD
=======
Project("{FAE04EC0-301F-11D3-BF4B-00C04F79EFBC}") = "View", "View\View.csproj", "{5A8D8379-D089-4003-9961-7EC630E8CE2C}"
EndProject
>>>>>>> develop
Global
	GlobalSection(SolutionConfigurationPlatforms) = preSolution
		Debug|Any CPU = Debug|Any CPU
		Release|Any CPU = Release|Any CPU
	EndGlobalSection
	GlobalSection(ProjectConfigurationPlatforms) = postSolution
		{A542A596-C650-46E7-9077-C2A558765659}.Debug|Any CPU.ActiveCfg = Debug|Any CPU
		{A542A596-C650-46E7-9077-C2A558765659}.Debug|Any CPU.Build.0 = Debug|Any CPU
		{A542A596-C650-46E7-9077-C2A558765659}.Release|Any CPU.ActiveCfg = Release|Any CPU
		{A542A596-C650-46E7-9077-C2A558765659}.Release|Any CPU.Build.0 = Release|Any CPU
		{92AB0E81-E1A2-471E-9B1A-6773B410E501}.Debug|Any CPU.ActiveCfg = Debug|Any CPU
		{92AB0E81-E1A2-471E-9B1A-6773B410E501}.Debug|Any CPU.Build.0 = Debug|Any CPU
		{92AB0E81-E1A2-471E-9B1A-6773B410E501}.Release|Any CPU.ActiveCfg = Release|Any CPU
		{92AB0E81-E1A2-471E-9B1A-6773B410E501}.Release|Any CPU.Build.0 = Release|Any CPU
<<<<<<< HEAD
=======
		{5A8D8379-D089-4003-9961-7EC630E8CE2C}.Debug|Any CPU.ActiveCfg = Debug|Any CPU
		{5A8D8379-D089-4003-9961-7EC630E8CE2C}.Debug|Any CPU.Build.0 = Debug|Any CPU
		{5A8D8379-D089-4003-9961-7EC630E8CE2C}.Release|Any CPU.ActiveCfg = Release|Any CPU
		{5A8D8379-D089-4003-9961-7EC630E8CE2C}.Release|Any CPU.Build.0 = Release|Any CPU
>>>>>>> develop
	EndGlobalSection
	GlobalSection(SolutionProperties) = preSolution
		HideSolutionNode = FALSE
	EndGlobalSection
EndGlobal
